Microsoft Visual Studio Solution File, Format Version 12.00
# Visual Studio 15
VisualStudioVersion = 15.0.27130.2026
MinimumVisualStudioVersion = 10.0.40219.1
Project("{9A19103F-16F7-4668-BE54-9A1E7A4F7556}") = "ContosoUniversity.Data", "ContosoUniversity.Data\ContosoUniversity.Data.csproj", "{DF2790E6-5498-4C3B-86B2-B59ADEF7776F}"
EndProject
Project("{9A19103F-16F7-4668-BE54-9A1E7A4F7556}") = "ContosoUniversity.Web", "ContosoUniversity.Web\ContosoUniversity.Web.csproj", "{50E44022-F06A-4685-94B2-92075CD99B74}"
EndProject
Project("{9A19103F-16F7-4668-BE54-9A1E7A4F7556}") = "ContosoUniversity.Api", "ContosoUniversity.Api\ContosoUniversity.Api.csproj", "{C270B2A0-89E1-49E6-B92A-CBAC5E80BBF5}"
EndProject
Project("{9A19103F-16F7-4668-BE54-9A1E7A4F7556}") = "ContosoUniversity.Test", "ContosoUniversity.Test\ContosoUniversity.Test.csproj", "{425672EA-DB3E-45DF-B9E7-2B36EC1054DF}"
EndProject
Project("{9A19103F-16F7-4668-BE54-9A1E7A4F7556}") = "ContosoUniversity.Api.Tests", "ContosoUniversity.Api.Tests\ContosoUniversity.Api.Tests.csproj", "{1022B897-84D7-4024-814C-80536D4F0489}"
EndProject
Project("{9A19103F-16F7-4668-BE54-9A1E7A4F7556}") = "ContosoUniversity.Web.Tests", "ContosoUniversity.Web.Tests\ContosoUniversity.Web.Tests.csproj", "{3738FFAB-E122-4982-B2C5-980CEE0E855B}"
EndProject
Project("{9A19103F-16F7-4668-BE54-9A1E7A4F7556}") = "ContosoUniversity.Data.Tests", "ContosoUniversity.Data.Tests\ContosoUniversity.Data.Tests.csproj", "{99F19513-C9E8-4943-A30A-BAB4827EBC76}"
EndProject
Project("{9A19103F-16F7-4668-BE54-9A1E7A4F7556}") = "ContosoUniversity.Common", "ContosoUniversity.Common\ContosoUniversity.Common.csproj", "{B3A0F49D-5221-407A-9591-60064AD6C61F}"
EndProject
Project("{2150E333-8FDC-42A3-9474-1A3956D46DE8}") = "Solution Items", "Solution Items", "{2FF16291-D2A7-48C3-8450-8B706450D515}"
	ProjectSection(SolutionItems) = preProject
		.travis.yml = .travis.yml
	EndProjectSection
EndProject
Project("{9A19103F-16F7-4668-BE54-9A1E7A4F7556}") = "ContosoUniversity.Spa.React", "ContosoUniversity.Spa.React\ContosoUniversity.Spa.React.csproj", "{DF68B196-C7CD-425B-9C27-1F53A4DDF687}"
EndProject
Global
	GlobalSection(SolutionConfigurationPlatforms) = preSolution
		Debug|Any CPU = Debug|Any CPU
		Release|Any CPU = Release|Any CPU
		Release-Azure|Any CPU = Release-Azure|Any CPU
	EndGlobalSection
	GlobalSection(ProjectConfigurationPlatforms) = postSolution
		{DF2790E6-5498-4C3B-86B2-B59ADEF7776F}.Debug|Any CPU.ActiveCfg = Debug|Any CPU
		{DF2790E6-5498-4C3B-86B2-B59ADEF7776F}.Debug|Any CPU.Build.0 = Debug|Any CPU
		{DF2790E6-5498-4C3B-86B2-B59ADEF7776F}.Release|Any CPU.ActiveCfg = Release|Any CPU
		{DF2790E6-5498-4C3B-86B2-B59ADEF7776F}.Release|Any CPU.Build.0 = Release|Any CPU
		{DF2790E6-5498-4C3B-86B2-B59ADEF7776F}.Release-Azure|Any CPU.ActiveCfg = Release|Any CPU
		{DF2790E6-5498-4C3B-86B2-B59ADEF7776F}.Release-Azure|Any CPU.Build.0 = Release|Any CPU
		{50E44022-F06A-4685-94B2-92075CD99B74}.Debug|Any CPU.ActiveCfg = Debug|Any CPU
		{50E44022-F06A-4685-94B2-92075CD99B74}.Debug|Any CPU.Build.0 = Debug|Any CPU
		{50E44022-F06A-4685-94B2-92075CD99B74}.Release|Any CPU.ActiveCfg = Release|Any CPU
		{50E44022-F06A-4685-94B2-92075CD99B74}.Release|Any CPU.Build.0 = Release|Any CPU
		{50E44022-F06A-4685-94B2-92075CD99B74}.Release-Azure|Any CPU.ActiveCfg = Release|Any CPU
		{50E44022-F06A-4685-94B2-92075CD99B74}.Release-Azure|Any CPU.Build.0 = Release|Any CPU
		{C270B2A0-89E1-49E6-B92A-CBAC5E80BBF5}.Debug|Any CPU.ActiveCfg = Debug|Any CPU
		{C270B2A0-89E1-49E6-B92A-CBAC5E80BBF5}.Debug|Any CPU.Build.0 = Debug|Any CPU
		{C270B2A0-89E1-49E6-B92A-CBAC5E80BBF5}.Release|Any CPU.ActiveCfg = Release|Any CPU
		{C270B2A0-89E1-49E6-B92A-CBAC5E80BBF5}.Release|Any CPU.Build.0 = Release|Any CPU
		{C270B2A0-89E1-49E6-B92A-CBAC5E80BBF5}.Release-Azure|Any CPU.ActiveCfg = Release-Azure|Any CPU
		{C270B2A0-89E1-49E6-B92A-CBAC5E80BBF5}.Release-Azure|Any CPU.Build.0 = Release-Azure|Any CPU
		{425672EA-DB3E-45DF-B9E7-2B36EC1054DF}.Debug|Any CPU.ActiveCfg = Debug|Any CPU
		{425672EA-DB3E-45DF-B9E7-2B36EC1054DF}.Debug|Any CPU.Build.0 = Debug|Any CPU
		{425672EA-DB3E-45DF-B9E7-2B36EC1054DF}.Release|Any CPU.ActiveCfg = Release|Any CPU
		{425672EA-DB3E-45DF-B9E7-2B36EC1054DF}.Release|Any CPU.Build.0 = Release|Any CPU
		{425672EA-DB3E-45DF-B9E7-2B36EC1054DF}.Release-Azure|Any CPU.ActiveCfg = Release|Any CPU
		{425672EA-DB3E-45DF-B9E7-2B36EC1054DF}.Release-Azure|Any CPU.Build.0 = Release|Any CPU
		{1022B897-84D7-4024-814C-80536D4F0489}.Debug|Any CPU.ActiveCfg = Debug|Any CPU
		{1022B897-84D7-4024-814C-80536D4F0489}.Debug|Any CPU.Build.0 = Debug|Any CPU
		{1022B897-84D7-4024-814C-80536D4F0489}.Release|Any CPU.ActiveCfg = Release|Any CPU
		{1022B897-84D7-4024-814C-80536D4F0489}.Release|Any CPU.Build.0 = Release|Any CPU
		{1022B897-84D7-4024-814C-80536D4F0489}.Release-Azure|Any CPU.ActiveCfg = Release|Any CPU
		{1022B897-84D7-4024-814C-80536D4F0489}.Release-Azure|Any CPU.Build.0 = Release|Any CPU
		{3738FFAB-E122-4982-B2C5-980CEE0E855B}.Debug|Any CPU.ActiveCfg = Debug|Any CPU
		{3738FFAB-E122-4982-B2C5-980CEE0E855B}.Debug|Any CPU.Build.0 = Debug|Any CPU
		{3738FFAB-E122-4982-B2C5-980CEE0E855B}.Release|Any CPU.ActiveCfg = Release|Any CPU
		{3738FFAB-E122-4982-B2C5-980CEE0E855B}.Release|Any CPU.Build.0 = Release|Any CPU
		{3738FFAB-E122-4982-B2C5-980CEE0E855B}.Release-Azure|Any CPU.ActiveCfg = Release|Any CPU
		{3738FFAB-E122-4982-B2C5-980CEE0E855B}.Release-Azure|Any CPU.Build.0 = Release|Any CPU
		{99F19513-C9E8-4943-A30A-BAB4827EBC76}.Debug|Any CPU.ActiveCfg = Debug|Any CPU
		{99F19513-C9E8-4943-A30A-BAB4827EBC76}.Debug|Any CPU.Build.0 = Debug|Any CPU
		{99F19513-C9E8-4943-A30A-BAB4827EBC76}.Release|Any CPU.ActiveCfg = Release|Any CPU
		{99F19513-C9E8-4943-A30A-BAB4827EBC76}.Release|Any CPU.Build.0 = Release|Any CPU
		{99F19513-C9E8-4943-A30A-BAB4827EBC76}.Release-Azure|Any CPU.ActiveCfg = Release|Any CPU
		{99F19513-C9E8-4943-A30A-BAB4827EBC76}.Release-Azure|Any CPU.Build.0 = Release|Any CPU
		{B3A0F49D-5221-407A-9591-60064AD6C61F}.Debug|Any CPU.ActiveCfg = Debug|Any CPU
		{B3A0F49D-5221-407A-9591-60064AD6C61F}.Debug|Any CPU.Build.0 = Debug|Any CPU
		{B3A0F49D-5221-407A-9591-60064AD6C61F}.Release|Any CPU.ActiveCfg = Release|Any CPU
		{B3A0F49D-5221-407A-9591-60064AD6C61F}.Release|Any CPU.Build.0 = Release|Any CPU
		{B3A0F49D-5221-407A-9591-60064AD6C61F}.Release-Azure|Any CPU.ActiveCfg = Release|Any CPU
		{B3A0F49D-5221-407A-9591-60064AD6C61F}.Release-Azure|Any CPU.Build.0 = Release|Any CPU
		{DF68B196-C7CD-425B-9C27-1F53A4DDF687}.Debug|Any CPU.ActiveCfg = Debug|Any CPU
		{DF68B196-C7CD-425B-9C27-1F53A4DDF687}.Debug|Any CPU.Build.0 = Debug|Any CPU
		{DF68B196-C7CD-425B-9C27-1F53A4DDF687}.Release|Any CPU.ActiveCfg = Release|Any CPU
		{DF68B196-C7CD-425B-9C27-1F53A4DDF687}.Release|Any CPU.Build.0 = Release|Any CPU
		{DF68B196-C7CD-425B-9C27-1F53A4DDF687}.Release-Azure|Any CPU.ActiveCfg = Release|Any CPU
		{DF68B196-C7CD-425B-9C27-1F53A4DDF687}.Release-Azure|Any CPU.Build.0 = Release|Any CPU
	EndGlobalSection
	GlobalSection(SolutionProperties) = preSolution
		HideSolutionNode = FALSE
	EndGlobalSection
	GlobalSection(ExtensibilityGlobals) = postSolution
		SolutionGuid = {3CFF549F-4CEC-4826-B10B-B7F5F9BD943C}
	EndGlobalSection
EndGlobal
